
Microsoft Visual Studio Solution File, Format Version 12.00
# Visual Studio Version 17
VisualStudioVersion = 17.7.34031.279
MinimumVisualStudioVersion = 10.0.40219.1
Project("{FAE04EC0-301F-11D3-BF4B-00C04F79EFBC}") = "Web", "Web\Web.csproj", "{BB7EF811-F76F-460E-A46C-9C05938A0194}"
EndProject
Global
	GlobalSection(SolutionConfigurationPlatforms) = preSolution
		Debug|Any CPU = Debug|Any CPU
		Release|Any CPU = Release|Any CPU
	EndGlobalSection
	GlobalSection(ProjectConfigurationPlatforms) = postSolution
		{BB7EF811-F76F-460E-A46C-9C05938A0194}.Debug|Any CPU.ActiveCfg = Debug|Any CPU
		{BB7EF811-F76F-460E-A46C-9C05938A0194}.Debug|Any CPU.Build.0 = Debug|Any CPU
		{BB7EF811-F76F-460E-A46C-9C05938A0194}.Release|Any CPU.ActiveCfg = Release|Any CPU
		{BB7EF811-F76F-460E-A46C-9C05938A0194}.Release|Any CPU.Build.0 = Release|Any CPU
	EndGlobalSection
	GlobalSection(SolutionProperties) = preSolution
		HideSolutionNode = FALSE
	EndGlobalSection
	GlobalSection(ExtensibilityGlobals) = postSolution
		SolutionGuid = {DA96A86A-C973-4DAA-9FA6-AFA1394CA09E}
	EndGlobalSection
EndGlobal
