
Microsoft Visual Studio Solution File, Format Version 12.00
# Visual Studio Version 17
VisualStudioVersion = 17.7.34031.279
MinimumVisualStudioVersion = 10.0.40219.1
Project("{9A19103F-16F7-4668-BE54-9A1E7A4F7556}") = "Web", "Web\Web.csproj", "{BB7EF811-F76F-460E-A46C-9C05938A0194}"
EndProject
Project("{9A19103F-16F7-4668-BE54-9A1E7A4F7556}") = "Domain", "Domain\Domain.csproj", "{4AD75DBF-A819-4959-A902-D8F114CA3254}"
EndProject
Project("{9A19103F-16F7-4668-BE54-9A1E7A4F7556}") = "Application", "Application\Application.csproj", "{A9938B4C-6925-4970-B268-B1DD1D4108BC}"
EndProject
Project("{9A19103F-16F7-4668-BE54-9A1E7A4F7556}") = "Infrastructure", "Infrastructure\Infrastructure.csproj", "{28782A2D-6F5F-4888-96EC-46CDE8981B69}"
EndProject
Project("{9A19103F-16F7-4668-BE54-9A1E7A4F7556}") = "Client", "Client\Client.csproj", "{A8E55F35-2522-4A57-B4B3-99F6D737ED45}"
EndProject
Project("{9A19103F-16F7-4668-BE54-9A1E7A4F7556}") = "UnitTests", "UnitTests\UnitTests.csproj", "{8C20347C-09D5-45E0-8C84-E04AFADDC557}"
EndProject
Global
	GlobalSection(SolutionConfigurationPlatforms) = preSolution
		Debug|Any CPU = Debug|Any CPU
		Release|Any CPU = Release|Any CPU
	EndGlobalSection
	GlobalSection(ProjectConfigurationPlatforms) = postSolution
		{BB7EF811-F76F-460E-A46C-9C05938A0194}.Debug|Any CPU.ActiveCfg = Debug|Any CPU
		{BB7EF811-F76F-460E-A46C-9C05938A0194}.Debug|Any CPU.Build.0 = Debug|Any CPU
		{BB7EF811-F76F-460E-A46C-9C05938A0194}.Release|Any CPU.ActiveCfg = Release|Any CPU
		{BB7EF811-F76F-460E-A46C-9C05938A0194}.Release|Any CPU.Build.0 = Release|Any CPU
		{4AD75DBF-A819-4959-A902-D8F114CA3254}.Debug|Any CPU.ActiveCfg = Debug|Any CPU
		{4AD75DBF-A819-4959-A902-D8F114CA3254}.Debug|Any CPU.Build.0 = Debug|Any CPU
		{4AD75DBF-A819-4959-A902-D8F114CA3254}.Release|Any CPU.ActiveCfg = Release|Any CPU
		{4AD75DBF-A819-4959-A902-D8F114CA3254}.Release|Any CPU.Build.0 = Release|Any CPU
		{A9938B4C-6925-4970-B268-B1DD1D4108BC}.Debug|Any CPU.ActiveCfg = Debug|Any CPU
		{A9938B4C-6925-4970-B268-B1DD1D4108BC}.Debug|Any CPU.Build.0 = Debug|Any CPU
		{A9938B4C-6925-4970-B268-B1DD1D4108BC}.Release|Any CPU.ActiveCfg = Release|Any CPU
		{A9938B4C-6925-4970-B268-B1DD1D4108BC}.Release|Any CPU.Build.0 = Release|Any CPU
		{28782A2D-6F5F-4888-96EC-46CDE8981B69}.Debug|Any CPU.ActiveCfg = Debug|Any CPU
		{28782A2D-6F5F-4888-96EC-46CDE8981B69}.Debug|Any CPU.Build.0 = Debug|Any CPU
		{28782A2D-6F5F-4888-96EC-46CDE8981B69}.Release|Any CPU.ActiveCfg = Release|Any CPU
		{28782A2D-6F5F-4888-96EC-46CDE8981B69}.Release|Any CPU.Build.0 = Release|Any CPU
		{A8E55F35-2522-4A57-B4B3-99F6D737ED45}.Debug|Any CPU.ActiveCfg = Debug|Any CPU
		{A8E55F35-2522-4A57-B4B3-99F6D737ED45}.Debug|Any CPU.Build.0 = Debug|Any CPU
		{A8E55F35-2522-4A57-B4B3-99F6D737ED45}.Release|Any CPU.ActiveCfg = Release|Any CPU
		{A8E55F35-2522-4A57-B4B3-99F6D737ED45}.Release|Any CPU.Build.0 = Release|Any CPU
		{8C20347C-09D5-45E0-8C84-E04AFADDC557}.Debug|Any CPU.ActiveCfg = Debug|Any CPU
		{8C20347C-09D5-45E0-8C84-E04AFADDC557}.Debug|Any CPU.Build.0 = Debug|Any CPU
		{8C20347C-09D5-45E0-8C84-E04AFADDC557}.Release|Any CPU.ActiveCfg = Release|Any CPU
		{8C20347C-09D5-45E0-8C84-E04AFADDC557}.Release|Any CPU.Build.0 = Release|Any CPU
	EndGlobalSection
	GlobalSection(SolutionProperties) = preSolution
		HideSolutionNode = FALSE
	EndGlobalSection
	GlobalSection(ExtensibilityGlobals) = postSolution
		SolutionGuid = {DA96A86A-C973-4DAA-9FA6-AFA1394CA09E}
	EndGlobalSection
EndGlobal
